
Microsoft Visual Studio Solution File, Format Version 12.00
# Visual Studio 15
VisualStudioVersion = 15.0.28307.329
MinimumVisualStudioVersion = 10.0.40219.1
Project("{FAE04EC0-301F-11D3-BF4B-00C04F79EFBC}") = "Abschlussarbeit", "Abschlussarbeit\Abschlussarbeit.csproj", "{284EBCD7-D1A5-4269-A830-B52E26297413}"
EndProject
Global
	GlobalSection(SolutionConfigurationPlatforms) = preSolution
		Debug|Any CPU = Debug|Any CPU
		Release|Any CPU = Release|Any CPU
	EndGlobalSection
	GlobalSection(ProjectConfigurationPlatforms) = postSolution
		{284EBCD7-D1A5-4269-A830-B52E26297413}.Debug|Any CPU.ActiveCfg = Debug|Any CPU
		{284EBCD7-D1A5-4269-A830-B52E26297413}.Debug|Any CPU.Build.0 = Debug|Any CPU
		{284EBCD7-D1A5-4269-A830-B52E26297413}.Release|Any CPU.ActiveCfg = Release|Any CPU
		{284EBCD7-D1A5-4269-A830-B52E26297413}.Release|Any CPU.Build.0 = Release|Any CPU
	EndGlobalSection
	GlobalSection(SolutionProperties) = preSolution
		HideSolutionNode = FALSE
	EndGlobalSection
	GlobalSection(ExtensibilityGlobals) = postSolution
		SolutionGuid = {019404D3-1562-40C4-848F-6515DDB17D46}
	EndGlobalSection
EndGlobal
